
Microsoft Visual Studio Solution File, Format Version 12.00
# Visual Studio Version 16
VisualStudioVersion = 16.0.30503.244
MinimumVisualStudioVersion = 10.0.40219.1
Project("{FAE04EC0-301F-11D3-BF4B-00C04F79EFBC}") = "ProductReviewManagement", "ProductReviewManagement\ProductReviewManagement.csproj", "{5439CD09-7F09-4A72-864F-9EB314E822CD}"
EndProject
Global
	GlobalSection(SolutionConfigurationPlatforms) = preSolution
		Debug|Any CPU = Debug|Any CPU
		Release|Any CPU = Release|Any CPU
	EndGlobalSection
	GlobalSection(ProjectConfigurationPlatforms) = postSolution
		{5439CD09-7F09-4A72-864F-9EB314E822CD}.Debug|Any CPU.ActiveCfg = Debug|Any CPU
		{5439CD09-7F09-4A72-864F-9EB314E822CD}.Debug|Any CPU.Build.0 = Debug|Any CPU
		{5439CD09-7F09-4A72-864F-9EB314E822CD}.Release|Any CPU.ActiveCfg = Release|Any CPU
		{5439CD09-7F09-4A72-864F-9EB314E822CD}.Release|Any CPU.Build.0 = Release|Any CPU
	EndGlobalSection
	GlobalSection(SolutionProperties) = preSolution
		HideSolutionNode = FALSE
	EndGlobalSection
	GlobalSection(ExtensibilityGlobals) = postSolution
		SolutionGuid = {613CC169-DA3F-42A2-8CA9-9E85257334BE}
	EndGlobalSection
EndGlobal
